
Microsoft Visual Studio Solution File, Format Version 12.00
# Visual Studio Version 16
VisualStudioVersion = 16.0.31729.503
MinimumVisualStudioVersion = 10.0.40219.1
Project("{8BC9CEB8-8B4A-11D0-8D11-00A0C91BC942}") = "Problem 7", "Problem 7.vcxproj", "{D54D4C5C-395D-465F-85CA-6B301D7E11FE}"
EndProject
Global
	GlobalSection(SolutionConfigurationPlatforms) = preSolution
		Debug|x64 = Debug|x64
		Debug|x86 = Debug|x86
		Release|x64 = Release|x64
		Release|x86 = Release|x86
	EndGlobalSection
	GlobalSection(ProjectConfigurationPlatforms) = postSolution
		{D54D4C5C-395D-465F-85CA-6B301D7E11FE}.Debug|x64.ActiveCfg = Debug|x64
		{D54D4C5C-395D-465F-85CA-6B301D7E11FE}.Debug|x64.Build.0 = Debug|x64
		{D54D4C5C-395D-465F-85CA-6B301D7E11FE}.Debug|x86.ActiveCfg = Debug|Win32
		{D54D4C5C-395D-465F-85CA-6B301D7E11FE}.Debug|x86.Build.0 = Debug|Win32
		{D54D4C5C-395D-465F-85CA-6B301D7E11FE}.Release|x64.ActiveCfg = Release|x64
		{D54D4C5C-395D-465F-85CA-6B301D7E11FE}.Release|x64.Build.0 = Release|x64
		{D54D4C5C-395D-465F-85CA-6B301D7E11FE}.Release|x86.ActiveCfg = Release|Win32
		{D54D4C5C-395D-465F-85CA-6B301D7E11FE}.Release|x86.Build.0 = Release|Win32
	EndGlobalSection
	GlobalSection(SolutionProperties) = preSolution
		HideSolutionNode = FALSE
	EndGlobalSection
	GlobalSection(ExtensibilityGlobals) = postSolution
		SolutionGuid = {EB209EAD-0602-4B48-9A8A-85C6D28A6D24}
	EndGlobalSection
EndGlobal
